
Microsoft Visual Studio Solution File, Format Version 12.00
# Visual Studio Version 17
VisualStudioVersion = 17.1.32328.378
MinimumVisualStudioVersion = 10.0.40219.1
Project("{FAE04EC0-301F-11D3-BF4B-00C04F79EFBC}") = "AppCompras.UWP", "AppCompras\AppCompras.UWP\AppCompras.UWP.csproj", "{61CB4AEC-2B08-4B9B-BF5E-FEB925F64EC0}"
EndProject
Project("{FAE04EC0-301F-11D3-BF4B-00C04F79EFBC}") = "AppCompras.Android", "AppCompras\AppCompras.Android\AppCompras.Android.csproj", "{ACB4B3A1-1F9F-4202-B84C-DBE3D68C7E62}"
EndProject
Project("{FAE04EC0-301F-11D3-BF4B-00C04F79EFBC}") = "AppCompras", "AppCompras\AppCompras\AppCompras.csproj", "{DE8BAB3B-0EF5-485D-BBE9-2B929D8E7E5C}"
EndProject
Global
	GlobalSection(SolutionConfigurationPlatforms) = preSolution
		Debug|Any CPU = Debug|Any CPU
		Debug|ARM = Debug|ARM
		Debug|x64 = Debug|x64
		Debug|x86 = Debug|x86
		Release|Any CPU = Release|Any CPU
		Release|ARM = Release|ARM
		Release|x64 = Release|x64
		Release|x86 = Release|x86
	EndGlobalSection
	GlobalSection(ProjectConfigurationPlatforms) = postSolution
		{61CB4AEC-2B08-4B9B-BF5E-FEB925F64EC0}.Debug|Any CPU.ActiveCfg = Debug|x64
		{61CB4AEC-2B08-4B9B-BF5E-FEB925F64EC0}.Debug|Any CPU.Build.0 = Debug|x64
		{61CB4AEC-2B08-4B9B-BF5E-FEB925F64EC0}.Debug|Any CPU.Deploy.0 = Debug|x64
		{61CB4AEC-2B08-4B9B-BF5E-FEB925F64EC0}.Debug|ARM.ActiveCfg = Debug|ARM
		{61CB4AEC-2B08-4B9B-BF5E-FEB925F64EC0}.Debug|ARM.Build.0 = Debug|ARM
		{61CB4AEC-2B08-4B9B-BF5E-FEB925F64EC0}.Debug|ARM.Deploy.0 = Debug|ARM
		{61CB4AEC-2B08-4B9B-BF5E-FEB925F64EC0}.Debug|x64.ActiveCfg = Debug|x64
		{61CB4AEC-2B08-4B9B-BF5E-FEB925F64EC0}.Debug|x64.Build.0 = Debug|x64
		{61CB4AEC-2B08-4B9B-BF5E-FEB925F64EC0}.Debug|x64.Deploy.0 = Debug|x64
		{61CB4AEC-2B08-4B9B-BF5E-FEB925F64EC0}.Debug|x86.ActiveCfg = Debug|x86
		{61CB4AEC-2B08-4B9B-BF5E-FEB925F64EC0}.Debug|x86.Build.0 = Debug|x86
		{61CB4AEC-2B08-4B9B-BF5E-FEB925F64EC0}.Debug|x86.Deploy.0 = Debug|x86
		{61CB4AEC-2B08-4B9B-BF5E-FEB925F64EC0}.Release|Any CPU.ActiveCfg = Release|x64
		{61CB4AEC-2B08-4B9B-BF5E-FEB925F64EC0}.Release|Any CPU.Build.0 = Release|x64
		{61CB4AEC-2B08-4B9B-BF5E-FEB925F64EC0}.Release|Any CPU.Deploy.0 = Release|x64
		{61CB4AEC-2B08-4B9B-BF5E-FEB925F64EC0}.Release|ARM.ActiveCfg = Release|ARM
		{61CB4AEC-2B08-4B9B-BF5E-FEB925F64EC0}.Release|ARM.Build.0 = Release|ARM
		{61CB4AEC-2B08-4B9B-BF5E-FEB925F64EC0}.Release|ARM.Deploy.0 = Release|ARM
		{61CB4AEC-2B08-4B9B-BF5E-FEB925F64EC0}.Release|x64.ActiveCfg = Release|x64
		{61CB4AEC-2B08-4B9B-BF5E-FEB925F64EC0}.Release|x64.Build.0 = Release|x64
		{61CB4AEC-2B08-4B9B-BF5E-FEB925F64EC0}.Release|x64.Deploy.0 = Release|x64
		{61CB4AEC-2B08-4B9B-BF5E-FEB925F64EC0}.Release|x86.ActiveCfg = Release|x86
		{61CB4AEC-2B08-4B9B-BF5E-FEB925F64EC0}.Release|x86.Build.0 = Release|x86
		{61CB4AEC-2B08-4B9B-BF5E-FEB925F64EC0}.Release|x86.Deploy.0 = Release|x86
		{ACB4B3A1-1F9F-4202-B84C-DBE3D68C7E62}.Debug|Any CPU.ActiveCfg = Debug|Any CPU
		{ACB4B3A1-1F9F-4202-B84C-DBE3D68C7E62}.Debug|Any CPU.Build.0 = Debug|Any CPU
		{ACB4B3A1-1F9F-4202-B84C-DBE3D68C7E62}.Debug|Any CPU.Deploy.0 = Debug|Any CPU
		{ACB4B3A1-1F9F-4202-B84C-DBE3D68C7E62}.Debug|ARM.ActiveCfg = Debug|Any CPU
		{ACB4B3A1-1F9F-4202-B84C-DBE3D68C7E62}.Debug|ARM.Build.0 = Debug|Any CPU
		{ACB4B3A1-1F9F-4202-B84C-DBE3D68C7E62}.Debug|ARM.Deploy.0 = Debug|Any CPU
		{ACB4B3A1-1F9F-4202-B84C-DBE3D68C7E62}.Debug|x64.ActiveCfg = Debug|Any CPU
		{ACB4B3A1-1F9F-4202-B84C-DBE3D68C7E62}.Debug|x64.Build.0 = Debug|Any CPU
		{ACB4B3A1-1F9F-4202-B84C-DBE3D68C7E62}.Debug|x64.Deploy.0 = Debug|Any CPU
		{ACB4B3A1-1F9F-4202-B84C-DBE3D68C7E62}.Debug|x86.ActiveCfg = Debug|Any CPU
		{ACB4B3A1-1F9F-4202-B84C-DBE3D68C7E62}.Debug|x86.Build.0 = Debug|Any CPU
		{ACB4B3A1-1F9F-4202-B84C-DBE3D68C7E62}.Debug|x86.Deploy.0 = Debug|Any CPU
		{ACB4B3A1-1F9F-4202-B84C-DBE3D68C7E62}.Release|Any CPU.ActiveCfg = Release|Any CPU
		{ACB4B3A1-1F9F-4202-B84C-DBE3D68C7E62}.Release|Any CPU.Build.0 = Release|Any CPU
		{ACB4B3A1-1F9F-4202-B84C-DBE3D68C7E62}.Release|Any CPU.Deploy.0 = Release|Any CPU
		{ACB4B3A1-1F9F-4202-B84C-DBE3D68C7E62}.Release|ARM.ActiveCfg = Release|Any CPU
		{ACB4B3A1-1F9F-4202-B84C-DBE3D68C7E62}.Release|ARM.Build.0 = Release|Any CPU
		{ACB4B3A1-1F9F-4202-B84C-DBE3D68C7E62}.Release|ARM.Deploy.0 = Release|Any CPU
		{ACB4B3A1-1F9F-4202-B84C-DBE3D68C7E62}.Release|x64.ActiveCfg = Release|Any CPU
		{ACB4B3A1-1F9F-4202-B84C-DBE3D68C7E62}.Release|x64.Build.0 = Release|Any CPU
		{ACB4B3A1-1F9F-4202-B84C-DBE3D68C7E62}.Release|x64.Deploy.0 = Release|Any CPU
		{ACB4B3A1-1F9F-4202-B84C-DBE3D68C7E62}.Release|x86.ActiveCfg = Release|Any CPU
		{ACB4B3A1-1F9F-4202-B84C-DBE3D68C7E62}.Release|x86.Build.0 = Release|Any CPU
		{ACB4B3A1-1F9F-4202-B84C-DBE3D68C7E62}.Release|x86.Deploy.0 = Release|Any CPU
		{DE8BAB3B-0EF5-485D-BBE9-2B929D8E7E5C}.Debug|Any CPU.ActiveCfg = Debug|Any CPU
		{DE8BAB3B-0EF5-485D-BBE9-2B929D8E7E5C}.Debug|Any CPU.Build.0 = Debug|Any CPU
		{DE8BAB3B-0EF5-485D-BBE9-2B929D8E7E5C}.Debug|Any CPU.Deploy.0 = Debug|Any CPU
		{DE8BAB3B-0EF5-485D-BBE9-2B929D8E7E5C}.Debug|ARM.ActiveCfg = Debug|Any CPU
		{DE8BAB3B-0EF5-485D-BBE9-2B929D8E7E5C}.Debug|ARM.Build.0 = Debug|Any CPU
		{DE8BAB3B-0EF5-485D-BBE9-2B929D8E7E5C}.Debug|ARM.Deploy.0 = Debug|Any CPU
		{DE8BAB3B-0EF5-485D-BBE9-2B929D8E7E5C}.Debug|x64.ActiveCfg = Debug|Any CPU
		{DE8BAB3B-0EF5-485D-BBE9-2B929D8E7E5C}.Debug|x64.Build.0 = Debug|Any CPU
		{DE8BAB3B-0EF5-485D-BBE9-2B929D8E7E5C}.Debug|x64.Deploy.0 = Debug|Any CPU
		{DE8BAB3B-0EF5-485D-BBE9-2B929D8E7E5C}.Debug|x86.ActiveCfg = Debug|Any CPU
		{DE8BAB3B-0EF5-485D-BBE9-2B929D8E7E5C}.Debug|x86.Build.0 = Debug|Any CPU
		{DE8BAB3B-0EF5-485D-BBE9-2B929D8E7E5C}.Debug|x86.Deploy.0 = Debug|Any CPU
		{DE8BAB3B-0EF5-485D-BBE9-2B929D8E7E5C}.Release|Any CPU.ActiveCfg = Release|Any CPU
		{DE8BAB3B-0EF5-485D-BBE9-2B929D8E7E5C}.Release|Any CPU.Build.0 = Release|Any CPU
		{DE8BAB3B-0EF5-485D-BBE9-2B929D8E7E5C}.Release|Any CPU.Deploy.0 = Release|Any CPU
		{DE8BAB3B-0EF5-485D-BBE9-2B929D8E7E5C}.Release|ARM.ActiveCfg = Release|Any CPU
		{DE8BAB3B-0EF5-485D-BBE9-2B929D8E7E5C}.Release|ARM.Build.0 = Release|Any CPU
		{DE8BAB3B-0EF5-485D-BBE9-2B929D8E7E5C}.Release|ARM.Deploy.0 = Release|Any CPU
		{DE8BAB3B-0EF5-485D-BBE9-2B929D8E7E5C}.Release|x64.ActiveCfg = Release|Any CPU
		{DE8BAB3B-0EF5-485D-BBE9-2B929D8E7E5C}.Release|x64.Build.0 = Release|Any CPU
		{DE8BAB3B-0EF5-485D-BBE9-2B929D8E7E5C}.Release|x64.Deploy.0 = Release|Any CPU
		{DE8BAB3B-0EF5-485D-BBE9-2B929D8E7E5C}.Release|x86.ActiveCfg = Release|Any CPU
		{DE8BAB3B-0EF5-485D-BBE9-2B929D8E7E5C}.Release|x86.Build.0 = Release|Any CPU
		{DE8BAB3B-0EF5-485D-BBE9-2B929D8E7E5C}.Release|x86.Deploy.0 = Release|Any CPU
	EndGlobalSection
	GlobalSection(SolutionProperties) = preSolution
		HideSolutionNode = FALSE
	EndGlobalSection
	GlobalSection(ExtensibilityGlobals) = postSolution
		SolutionGuid = {0153A903-6867-4AB7-861E-C90B7096C271}
	EndGlobalSection
EndGlobal
